
Microsoft Visual Studio Solution File, Format Version 12.00
# Visual Studio Version 17
VisualStudioVersion = 17.8.34330.188
MinimumVisualStudioVersion = 10.0.40219.1
Project("{8BC9CEB8-8B4A-11D0-8D11-00A0C91BC942}") = "lw1", "lw1\lw1.vcxproj", "{857ED264-F0E6-4E2C-ACF2-4B6A785EA13F}"
EndProject
Global
	GlobalSection(SolutionConfigurationPlatforms) = preSolution
		Debug|x64 = Debug|x64
		Debug|x86 = Debug|x86
		Release|x64 = Release|x64
		Release|x86 = Release|x86
	EndGlobalSection
	GlobalSection(ProjectConfigurationPlatforms) = postSolution
		{857ED264-F0E6-4E2C-ACF2-4B6A785EA13F}.Debug|x64.ActiveCfg = Debug|x64
		{857ED264-F0E6-4E2C-ACF2-4B6A785EA13F}.Debug|x64.Build.0 = Debug|x64
		{857ED264-F0E6-4E2C-ACF2-4B6A785EA13F}.Debug|x86.ActiveCfg = Debug|Win32
		{857ED264-F0E6-4E2C-ACF2-4B6A785EA13F}.Debug|x86.Build.0 = Debug|Win32
		{857ED264-F0E6-4E2C-ACF2-4B6A785EA13F}.Release|x64.ActiveCfg = Release|x64
		{857ED264-F0E6-4E2C-ACF2-4B6A785EA13F}.Release|x64.Build.0 = Release|x64
		{857ED264-F0E6-4E2C-ACF2-4B6A785EA13F}.Release|x86.ActiveCfg = Release|Win32
		{857ED264-F0E6-4E2C-ACF2-4B6A785EA13F}.Release|x86.Build.0 = Release|Win32
	EndGlobalSection
	GlobalSection(SolutionProperties) = preSolution
		HideSolutionNode = FALSE
	EndGlobalSection
	GlobalSection(ExtensibilityGlobals) = postSolution
		SolutionGuid = {5949430D-EF35-4D55-BFAD-5E7FEC8E627C}
	EndGlobalSection
EndGlobal
